// !$*UTF8*$!
{
	archiveVersion = 1;
	classes = {
	};
	objectVersion = 56;
	objects = {

/* Begin PBXBuildFile section */
		0C0273912C5ECC4F00546AF5 /* FetchedObjects.swift in Sources */ = {isa = PBXBuildFile; fileRef = 0C02738F2C5ECC4F00546AF5 /* FetchedObjects.swift */; };
		0C0273922C5ECC4F00546AF5 /* Persistence.swift in Sources */ = {isa = PBXBuildFile; fileRef = 0C0273902C5ECC4F00546AF5 /* Persistence.swift */; };
		0C0273952C5ECD7500546AF5 /* ExampleDatabase.xcdatamodeld in Sources */ = {isa = PBXBuildFile; fileRef = 0C0273932C5ECD7500546AF5 /* ExampleDatabase.xcdatamodeld */; };
		0C035CC02C4F1B4400545884 /* LoginButton.swift in Sources */ = {isa = PBXBuildFile; fileRef = 0C035CBF2C4F1B4400545884 /* LoginButton.swift */; };
		0C035CC22C506B3100545884 /* UserProfile.swift in Sources */ = {isa = PBXBuildFile; fileRef = 0C035CC12C506B3100545884 /* UserProfile.swift */; };
		0C035CC42C5071BF00545884 /* MainHomeScreen.swift in Sources */ = {isa = PBXBuildFile; fileRef = 0C035CC32C5071BF00545884 /* MainHomeScreen.swift */; };
		0C7DDC912C48C95900F5D564 /* Home.swift in Sources */ = {isa = PBXBuildFile; fileRef = 0C7DDC902C48C95700F5D564 /* Home.swift */; };
		0CA6A7552C72940100346711 /* Menultem.swift in Sources */ = {isa = PBXBuildFile; fileRef = 0CA6A7542C72940000346711 /* Menultem.swift */; };
		0CA6A7572C72A9D400346711 /* Item.swift in Sources */ = {isa = PBXBuildFile; fileRef = 0CA6A7562C72A9D400346711 /* Item.swift */; };
		0CA7DC892C45DF8D007A6B0A /* OnBoarding.swift in Sources */ = {isa = PBXBuildFile; fileRef = 0CA7DC882C45DF8D007A6B0A /* OnBoarding.swift */; };
		0CA7DC8B2C45DF91007A6B0A /* Assets.xcassets in Resources */ = {isa = PBXBuildFile; fileRef = 0CA7DC8A2C45DF91007A6B0A /* Assets.xcassets */; };
		0CA7DC8E2C45DF91007A6B0A /* Preview Assets.xcassets in Resources */ = {isa = PBXBuildFile; fileRef = 0CA7DC8D2C45DF91007A6B0A /* Preview Assets.xcassets */; };
		0CA90BBF2C7160E40002954D /* HomeScreenPrototype.pdf in Resources */ = {isa = PBXBuildFile; fileRef = 0CA90BBE2C7160E30002954D /* HomeScreenPrototype.pdf */; };
		0CAD43B62C4D998B00A672D9 /* LogoText.swift in Sources */ = {isa = PBXBuildFile; fileRef = 0CAD43B52C4D998B00A672D9 /* LogoText.swift */; };
		0CAD43B82C4D99B100A672D9 /* LogoSubHeader.swift in Sources */ = {isa = PBXBuildFile; fileRef = 0CAD43B72C4D99B100A672D9 /* LogoSubHeader.swift */; };
		0CAD43BA2C4D99D600A672D9 /* HeroTextDetails.swift in Sources */ = {isa = PBXBuildFile; fileRef = 0CAD43B92C4D99D600A672D9 /* HeroTextDetails.swift */; };
		0CAD43BC2C4D99F700A672D9 /* HeroImage.swift in Sources */ = {isa = PBXBuildFile; fileRef = 0CAD43BB2C4D99F700A672D9 /* HeroImage.swift */; };
		0CAD43C02C4D9A4E00A672D9 /* Hero.swift in Sources */ = {isa = PBXBuildFile; fileRef = 0CAD43BF2C4D9A4E00A672D9 /* Hero.swift */; };
		0CAD43C22C4D9A7000A672D9 /* FoodMenu.swift in Sources */ = {isa = PBXBuildFile; fileRef = 0CAD43C12C4D9A7000A672D9 /* FoodMenu.swift */; };
		0CAD43C42C4D9ABC00A672D9 /* OrderCategories.swift in Sources */ = {isa = PBXBuildFile; fileRef = 0CAD43C32C4D9ABC00A672D9 /* OrderCategories.swift */; };
		0CB9A4BF2C58463500305133 /* SingleItem.swift in Sources */ = {isa = PBXBuildFile; fileRef = 0CB9A4BE2C58463500305133 /* SingleItem.swift */; };
		0CB9A4C12C584C7900305133 /* ItemDetails.swift in Sources */ = {isa = PBXBuildFile; fileRef = 0CB9A4C02C584C7900305133 /* ItemDetails.swift */; };
		0CDEE9862C5C3ADF00A19F01 /* OnBoardingRegistrationApp.swift in Sources */ = {isa = PBXBuildFile; fileRef = 0CDEE9852C5C3ADE00A19F01 /* OnBoardingRegistrationApp.swift */; };
		0CEA044C2C4B6D2D0065165D /* Header.swift in Sources */ = {isa = PBXBuildFile; fileRef = 0CEA044B2C4B6D2D0065165D /* Header.swift */; };
		0CEA04682C4C74EC0065165D /* Karla-Light.ttf in Resources */ = {isa = PBXBuildFile; fileRef = 0CEA04542C4C74EC0065165D /* Karla-Light.ttf */; };
		0CEA046A2C4C74EC0065165D /* Karla-Medium.ttf in Resources */ = {isa = PBXBuildFile; fileRef = 0CEA04562C4C74EC0065165D /* Karla-Medium.ttf */; };
		0CEA046C2C4C74EC0065165D /* Karla-Regular.ttf in Resources */ = {isa = PBXBuildFile; fileRef = 0CEA04582C4C74EC0065165D /* Karla-Regular.ttf */; };
/* End PBXBuildFile section */

/* Begin PBXFileReference section */
		0C02738F2C5ECC4F00546AF5 /* FetchedObjects.swift */ = {isa = PBXFileReference; fileEncoding = 4; lastKnownFileType = sourcecode.swift; path = FetchedObjects.swift; sourceTree = "<group>"; };
		0C0273902C5ECC4F00546AF5 /* Persistence.swift */ = {isa = PBXFileReference; fileEncoding = 4; lastKnownFileType = sourcecode.swift; path = Persistence.swift; sourceTree = "<group>"; };
		0C0273942C5ECD7500546AF5 /* ExampleDatabase.xcdatamodel */ = {isa = PBXFileReference; lastKnownFileType = wrapper.xcdatamodel; path = ExampleDatabase.xcdatamodel; sourceTree = "<group>"; };
		0C035CBF2C4F1B4400545884 /* LoginButton.swift */ = {isa = PBXFileReference; lastKnownFileType = sourcecode.swift; path = LoginButton.swift; sourceTree = "<group>"; };
		0C035CC12C506B3100545884 /* UserProfile.swift */ = {isa = PBXFileReference; lastKnownFileType = sourcecode.swift; path = UserProfile.swift; sourceTree = "<group>"; };
		0C035CC32C5071BF00545884 /* MainHomeScreen.swift */ = {isa = PBXFileReference; lastKnownFileType = sourcecode.swift; path = MainHomeScreen.swift; sourceTree = "<group>"; };
		0C7DDC902C48C95700F5D564 /* Home.swift */ = {isa = PBXFileReference; lastKnownFileType = sourcecode.swift; path = Home.swift; sourceTree = "<group>"; };
		0CA6A7542C72940000346711 /* Menultem.swift */ = {isa = PBXFileReference; lastKnownFileType = sourcecode.swift; path = Menultem.swift; sourceTree = "<group>"; };
		0CA6A7562C72A9D400346711 /* Item.swift */ = {isa = PBXFileReference; lastKnownFileType = sourcecode.swift; path = Item.swift; sourceTree = "<group>"; };
		0CA6AE232C55C921002530AA /* CoreData.framework */ = {isa = PBXFileReference; lastKnownFileType = wrapper.framework; name = CoreData.framework; path = System/Library/Frameworks/CoreData.framework; sourceTree = SDKROOT; };
		0CA7DC882C45DF8D007A6B0A /* OnBoarding.swift */ = {isa = PBXFileReference; fileEncoding = 4; lastKnownFileType = sourcecode.swift; lineEnding = 0; path = OnBoarding.swift; sourceTree = "<group>"; };
		0CA7DC8A2C45DF91007A6B0A /* Assets.xcassets */ = {isa = PBXFileReference; lastKnownFileType = folder.assetcatalog; path = Assets.xcassets; sourceTree = "<group>"; };
		0CA7DC8D2C45DF91007A6B0A /* Preview Assets.xcassets */ = {isa = PBXFileReference; lastKnownFileType = folder.assetcatalog; path = "Preview Assets.xcassets"; sourceTree = "<group>"; };
		0CA90BBE2C7160E30002954D /* HomeScreenPrototype.pdf */ = {isa = PBXFileReference; lastKnownFileType = image.pdf; path = HomeScreenPrototype.pdf; sourceTree = "<group>"; };
		0CAD43B52C4D998B00A672D9 /* LogoText.swift */ = {isa = PBXFileReference; lastKnownFileType = sourcecode.swift; path = LogoText.swift; sourceTree = "<group>"; };
		0CAD43B72C4D99B100A672D9 /* LogoSubHeader.swift */ = {isa = PBXFileReference; lastKnownFileType = sourcecode.swift; path = LogoSubHeader.swift; sourceTree = "<group>"; };
		0CAD43B92C4D99D600A672D9 /* HeroTextDetails.swift */ = {isa = PBXFileReference; lastKnownFileType = sourcecode.swift; path = HeroTextDetails.swift; sourceTree = "<group>"; };
		0CAD43BB2C4D99F700A672D9 /* HeroImage.swift */ = {isa = PBXFileReference; lastKnownFileType = sourcecode.swift; path = HeroImage.swift; sourceTree = "<group>"; };
		0CAD43BF2C4D9A4E00A672D9 /* Hero.swift */ = {isa = PBXFileReference; lastKnownFileType = sourcecode.swift; path = Hero.swift; sourceTree = "<group>"; };
		0CAD43C12C4D9A7000A672D9 /* FoodMenu.swift */ = {isa = PBXFileReference; lastKnownFileType = sourcecode.swift; path = FoodMenu.swift; sourceTree = "<group>"; };
		0CAD43C32C4D9ABC00A672D9 /* OrderCategories.swift */ = {isa = PBXFileReference; lastKnownFileType = sourcecode.swift; path = OrderCategories.swift; sourceTree = "<group>"; };
		0CB9A4BE2C58463500305133 /* SingleItem.swift */ = {isa = PBXFileReference; lastKnownFileType = sourcecode.swift; path = SingleItem.swift; sourceTree = "<group>"; };
		0CB9A4C02C584C7900305133 /* ItemDetails.swift */ = {isa = PBXFileReference; lastKnownFileType = sourcecode.swift; path = ItemDetails.swift; sourceTree = "<group>"; };
		0CDEE9852C5C3ADE00A19F01 /* OnBoardingRegistrationApp.swift */ = {isa = PBXFileReference; fileEncoding = 4; lastKnownFileType = sourcecode.swift; path = OnBoardingRegistrationApp.swift; sourceTree = "<group>"; };
		0CDEE9C22C5C506D00A19F01 /* OnBoardingRegistration.app */ = {isa = PBXFileReference; explicitFileType = wrapper.application; includeInIndex = 0; path = OnBoardingRegistration.app; sourceTree = BUILT_PRODUCTS_DIR; };
		0CEA044B2C4B6D2D0065165D /* Header.swift */ = {isa = PBXFileReference; lastKnownFileType = sourcecode.swift; path = Header.swift; sourceTree = "<group>"; };
		0CEA04542C4C74EC0065165D /* Karla-Light.ttf */ = {isa = PBXFileReference; lastKnownFileType = file; path = "Karla-Light.ttf"; sourceTree = "<group>"; };
		0CEA04562C4C74EC0065165D /* Karla-Medium.ttf */ = {isa = PBXFileReference; lastKnownFileType = file; path = "Karla-Medium.ttf"; sourceTree = "<group>"; };
		0CEA04582C4C74EC0065165D /* Karla-Regular.ttf */ = {isa = PBXFileReference; lastKnownFileType = file; path = "Karla-Regular.ttf"; sourceTree = "<group>"; };
		0CEA04732C4C80030065165D /* MarkaziText-Medium.ttf */ = {isa = PBXFileReference; lastKnownFileType = file; path = "MarkaziText-Medium.ttf"; sourceTree = "<group>"; };
		0CEA04742C4CB9D00065165D /* MarkaziText-Regular.ttf */ = {isa = PBXFileReference; lastKnownFileType = file; path = "MarkaziText-Regular.ttf"; sourceTree = "<group>"; };
/* End PBXFileReference section */

/* Begin PBXFrameworksBuildPhase section */
		0CA7DC802C45DF8C007A6B0A /* Frameworks */ = {
			isa = PBXFrameworksBuildPhase;
			buildActionMask = 2147483647;
			files = (
			);
			runOnlyForDeploymentPostprocessing = 0;
		};
/* End PBXFrameworksBuildPhase section */

/* Begin PBXGroup section */
		0CA6A7522C7292D700346711 /* Model */ = {
			isa = PBXGroup;
			children = (
				0C02738F2C5ECC4F00546AF5 /* FetchedObjects.swift */,
				0C0273932C5ECD7500546AF5 /* ExampleDatabase.xcdatamodeld */,
				0C0273902C5ECC4F00546AF5 /* Persistence.swift */,
				0CA6A7542C72940000346711 /* Menultem.swift */,
				0CA6A7562C72A9D400346711 /* Item.swift */,
			);
			path = Model;
			sourceTree = "<group>";
		};
		0CA6A7532C72930300346711 /* Views */ = {
			isa = PBXGroup;
			children = (
				0CA7DC882C45DF8D007A6B0A /* OnBoarding.swift */,
				0C035CBF2C4F1B4400545884 /* LoginButton.swift */,
				0CEA044B2C4B6D2D0065165D /* Header.swift */,
				0CAD43B52C4D998B00A672D9 /* LogoText.swift */,
				0CAD43B72C4D99B100A672D9 /* LogoSubHeader.swift */,
				0CAD43BB2C4D99F700A672D9 /* HeroImage.swift */,
				0C7DDC902C48C95700F5D564 /* Home.swift */,
				0C035CC32C5071BF00545884 /* MainHomeScreen.swift */,
				0C035CC12C506B3100545884 /* UserProfile.swift */,
				0CAD43C32C4D9ABC00A672D9 /* OrderCategories.swift */,
				0CAD43BF2C4D9A4E00A672D9 /* Hero.swift */,
				0CB9A4BE2C58463500305133 /* SingleItem.swift */,
				0CB9A4C02C584C7900305133 /* ItemDetails.swift */,
				0CAD43B92C4D99D600A672D9 /* HeroTextDetails.swift */,
				0CAD43C12C4D9A7000A672D9 /* FoodMenu.swift */,
			);
			path = Views;
			sourceTree = "<group>";
		};
		0CA6AE222C55C920002530AA /* Frameworks */ = {
			isa = PBXGroup;
			children = (
				0CA6AE232C55C921002530AA /* CoreData.framework */,
			);
			name = Frameworks;
			sourceTree = "<group>";
		};
		0CA7DC7A2C45DF8C007A6B0A = {
			isa = PBXGroup;
			children = (
				0CA7DC852C45DF8D007A6B0A /* OnBoardingRegistration */,
				0CA6AE222C55C920002530AA /* Frameworks */,
				0CDEE9C22C5C506D00A19F01 /* OnBoardingRegistration.app */,
			);
			sourceTree = "<group>";
		};
		0CA7DC852C45DF8D007A6B0A /* OnBoardingRegistration */ = {
			isa = PBXGroup;
			children = (
				0CDEE9852C5C3ADE00A19F01 /* OnBoardingRegistrationApp.swift */,
				0CA6A7522C7292D700346711 /* Model */,
				0CA6A7532C72930300346711 /* Views */,
				0CEA04602C4C74EC0065165D /* Karla */,
				0CA7DC8A2C45DF91007A6B0A /* Assets.xcassets */,
				0CA90BBE2C7160E30002954D /* HomeScreenPrototype.pdf */,
				0CA7DC8C2C45DF91007A6B0A /* Preview Content */,
			);
			path = OnBoardingRegistration;
			sourceTree = "<group>";
		};
		0CA7DC8C2C45DF91007A6B0A /* Preview Content */ = {
			isa = PBXGroup;
			children = (
				0CA7DC8D2C45DF91007A6B0A /* Preview Assets.xcassets */,
			);
			path = "Preview Content";
			sourceTree = "<group>";
		};
		0CEA04602C4C74EC0065165D /* Karla */ = {
			isa = PBXGroup;
			children = (
				0CEA04562C4C74EC0065165D /* Karla-Medium.ttf */,
				0CEA04542C4C74EC0065165D /* Karla-Light.ttf */,
				0CEA04742C4CB9D00065165D /* MarkaziText-Regular.ttf */,
				0CEA04732C4C80030065165D /* MarkaziText-Medium.ttf */,
				0CEA04582C4C74EC0065165D /* Karla-Regular.ttf */,
			);
			path = Karla;
			sourceTree = "<group>";
		};
/* End PBXGroup section */

/* Begin PBXNativeTarget section */
		0CA7DC822C45DF8C007A6B0A /* OnBoardingRegistration */ = {
			isa = PBXNativeTarget;
			buildConfigurationList = 0CA7DC912C45DF91007A6B0A /* Build configuration list for PBXNativeTarget "OnBoardingRegistration" */;
			buildPhases = (
				0CA7DC7F2C45DF8C007A6B0A /* Sources */,
				0CA7DC802C45DF8C007A6B0A /* Frameworks */,
				0CA7DC812C45DF8C007A6B0A /* Resources */,
			);
			buildRules = (
			);
			dependencies = (
			);
			name = OnBoardingRegistration;
			productName = OnBoardingRegistration;
			productReference = 0CDEE9C22C5C506D00A19F01 /* OnBoardingRegistration.app */;
			productType = "com.apple.product-type.application";
		};
/* End PBXNativeTarget section */

/* Begin PBXProject section */
		0CA7DC7B2C45DF8C007A6B0A /* Project object */ = {
			isa = PBXProject;
			attributes = {
				BuildIndependentTargetsInParallel = 1;
				LastSwiftUpdateCheck = 1540;
				LastUpgradeCheck = 1540;
				TargetAttributes = {
					0CA7DC822C45DF8C007A6B0A = {
						CreatedOnToolsVersion = 15.4;
					};
				};
			};
			buildConfigurationList = 0CA7DC7E2C45DF8C007A6B0A /* Build configuration list for PBXProject "OnBoardingRegistration" */;
			compatibilityVersion = "Xcode 14.0";
			developmentRegion = en;
			hasScannedForEncodings = 0;
			knownRegions = (
				en,
				Base,
			);
			mainGroup = 0CA7DC7A2C45DF8C007A6B0A;
			productRefGroup = 0CA7DC7A2C45DF8C007A6B0A;
			projectDirPath = "";
			projectRoot = "";
			targets = (
				0CA7DC822C45DF8C007A6B0A /* OnBoardingRegistration */,
			);
		};
/* End PBXProject section */

/* Begin PBXResourcesBuildPhase section */
		0CA7DC812C45DF8C007A6B0A /* Resources */ = {
			isa = PBXResourcesBuildPhase;
			buildActionMask = 2147483647;
			files = (
				0CA90BBF2C7160E40002954D /* HomeScreenPrototype.pdf in Resources */,
				0CEA046A2C4C74EC0065165D /* Karla-Medium.ttf in Resources */,
				0CA7DC8E2C45DF91007A6B0A /* Preview Assets.xcassets in Resources */,
				0CA7DC8B2C45DF91007A6B0A /* Assets.xcassets in Resources */,
				0CEA046C2C4C74EC0065165D /* Karla-Regular.ttf in Resources */,
				0CEA04682C4C74EC0065165D /* Karla-Light.ttf in Resources */,
			);
			runOnlyForDeploymentPostprocessing = 0;
		};
/* End PBXResourcesBuildPhase section */

/* Begin PBXSourcesBuildPhase section */
		0CA7DC7F2C45DF8C007A6B0A /* Sources */ = {
			isa = PBXSourcesBuildPhase;
			buildActionMask = 2147483647;
			files = (
				0C7DDC912C48C95900F5D564 /* Home.swift in Sources */,
				0CEA044C2C4B6D2D0065165D /* Header.swift in Sources */,
				0C035CC42C5071BF00545884 /* MainHomeScreen.swift in Sources */,
				0C035CC22C506B3100545884 /* UserProfile.swift in Sources */,
				0CA6A7572C72A9D400346711 /* Item.swift in Sources */,
				0C0273952C5ECD7500546AF5 /* ExampleDatabase.xcdatamodeld in Sources */,
				0CAD43B82C4D99B100A672D9 /* LogoSubHeader.swift in Sources */,
				0CB9A4C12C584C7900305133 /* ItemDetails.swift in Sources */,
				0CAD43BC2C4D99F700A672D9 /* HeroImage.swift in Sources */,
				0C0273922C5ECC4F00546AF5 /* Persistence.swift in Sources */,
				0C0273912C5ECC4F00546AF5 /* FetchedObjects.swift in Sources */,
				0CAD43C22C4D9A7000A672D9 /* FoodMenu.swift in Sources */,
				0CDEE9862C5C3ADF00A19F01 /* OnBoardingRegistrationApp.swift in Sources */,
				0CAD43C02C4D9A4E00A672D9 /* Hero.swift in Sources */,
				0CAD43BA2C4D99D600A672D9 /* HeroTextDetails.swift in Sources */,
				0CA6A7552C72940100346711 /* Menultem.swift in Sources */,
				0CAD43B62C4D998B00A672D9 /* LogoText.swift in Sources */,
				0CB9A4BF2C58463500305133 /* SingleItem.swift in Sources */,
				0CA7DC892C45DF8D007A6B0A /* OnBoarding.swift in Sources */,
				0CAD43C42C4D9ABC00A672D9 /* OrderCategories.swift in Sources */,
				0C035CC02C4F1B4400545884 /* LoginButton.swift in Sources */,
			);
			runOnlyForDeploymentPostprocessing = 0;
		};
/* End PBXSourcesBuildPhase section */

/* Begin XCBuildConfiguration section */
		0CA7DC8F2C45DF91007A6B0A /* Debug */ = {
			isa = XCBuildConfiguration;
			buildSettings = {
				ALWAYS_SEARCH_USER_PATHS = NO;
				ASSETCATALOG_COMPILER_GENERATE_SWIFT_ASSET_SYMBOL_EXTENSIONS = YES;
				CLANG_ANALYZER_NONNULL = YES;
				CLANG_ANALYZER_NUMBER_OBJECT_CONVERSION = YES_AGGRESSIVE;
				CLANG_CXX_LANGUAGE_STANDARD = "gnu++20";
				CLANG_ENABLE_MODULES = YES;
				CLANG_ENABLE_OBJC_ARC = YES;
				CLANG_ENABLE_OBJC_WEAK = YES;
				CLANG_WARN_BLOCK_CAPTURE_AUTORELEASING = YES;
				CLANG_WARN_BOOL_CONVERSION = YES;
				CLANG_WARN_COMMA = YES;
				CLANG_WARN_CONSTANT_CONVERSION = YES;
				CLANG_WARN_DEPRECATED_OBJC_IMPLEMENTATIONS = YES;
				CLANG_WARN_DIRECT_OBJC_ISA_USAGE = YES_ERROR;
				CLANG_WARN_DOCUMENTATION_COMMENTS = YES;
				CLANG_WARN_EMPTY_BODY = YES;
				CLANG_WARN_ENUM_CONVERSION = YES;
				CLANG_WARN_INFINITE_RECURSION = YES;
				CLANG_WARN_INT_CONVERSION = YES;
				CLANG_WARN_NON_LITERAL_NULL_CONVERSION = YES;
				CLANG_WARN_OBJC_IMPLICIT_RETAIN_SELF = YES;
				CLANG_WARN_OBJC_LITERAL_CONVERSION = YES;
				CLANG_WARN_OBJC_ROOT_CLASS = YES_ERROR;
				CLANG_WARN_QUOTED_INCLUDE_IN_FRAMEWORK_HEADER = YES;
				CLANG_WARN_RANGE_LOOP_ANALYSIS = YES;
				CLANG_WARN_STRICT_PROTOTYPES = YES;
				CLANG_WARN_SUSPICIOUS_MOVE = YES;
				CLANG_WARN_UNGUARDED_AVAILABILITY = YES_AGGRESSIVE;
				CLANG_WARN_UNREACHABLE_CODE = YES;
				CLANG_WARN__DUPLICATE_METHOD_MATCH = YES;
				COPY_PHASE_STRIP = NO;
				DEBUG_INFORMATION_FORMAT = dwarf;
				ENABLE_STRICT_OBJC_MSGSEND = YES;
				ENABLE_TESTABILITY = YES;
				ENABLE_USER_SCRIPT_SANDBOXING = YES;
				GCC_C_LANGUAGE_STANDARD = gnu17;
				GCC_DYNAMIC_NO_PIC = NO;
				GCC_NO_COMMON_BLOCKS = YES;
				GCC_OPTIMIZATION_LEVEL = 0;
				GCC_PREPROCESSOR_DEFINITIONS = (
					"DEBUG=1",
					"$(inherited)",
				);
				GCC_WARN_64_TO_32_BIT_CONVERSION = YES;
				GCC_WARN_ABOUT_RETURN_TYPE = YES_ERROR;
				GCC_WARN_UNDECLARED_SELECTOR = YES;
				GCC_WARN_UNINITIALIZED_AUTOS = YES_AGGRESSIVE;
				GCC_WARN_UNUSED_FUNCTION = YES;
				GCC_WARN_UNUSED_VARIABLE = YES;
				IPHONEOS_DEPLOYMENT_TARGET = 17.1;
				LOCALIZATION_PREFERS_STRING_CATALOGS = YES;
				MTL_ENABLE_DEBUG_INFO = INCLUDE_SOURCE;
				MTL_FAST_MATH = YES;
				ONLY_ACTIVE_ARCH = YES;
				SDKROOT = iphoneos;
				SWIFT_ACTIVE_COMPILATION_CONDITIONS = "DEBUG $(inherited)";
				SWIFT_OPTIMIZATION_LEVEL = "-Onone";
				UIAAppFonts = "Karla-Bold.ttf";
			};
			name = Debug;
		};
		0CA7DC902C45DF91007A6B0A /* Release */ = {
			isa = XCBuildConfiguration;
			buildSettings = {
				ALWAYS_SEARCH_USER_PATHS = NO;
				ASSETCATALOG_COMPILER_GENERATE_SWIFT_ASSET_SYMBOL_EXTENSIONS = YES;
				CLANG_ANALYZER_NONNULL = YES;
				CLANG_ANALYZER_NUMBER_OBJECT_CONVERSION = YES_AGGRESSIVE;
				CLANG_CXX_LANGUAGE_STANDARD = "gnu++20";
				CLANG_ENABLE_MODULES = YES;
				CLANG_ENABLE_OBJC_ARC = YES;
				CLANG_ENABLE_OBJC_WEAK = YES;
				CLANG_WARN_BLOCK_CAPTURE_AUTORELEASING = YES;
				CLANG_WARN_BOOL_CONVERSION = YES;
				CLANG_WARN_COMMA = YES;
				CLANG_WARN_CONSTANT_CONVERSION = YES;
				CLANG_WARN_DEPRECATED_OBJC_IMPLEMENTATIONS = YES;
				CLANG_WARN_DIRECT_OBJC_ISA_USAGE = YES_ERROR;
				CLANG_WARN_DOCUMENTATION_COMMENTS = YES;
				CLANG_WARN_EMPTY_BODY = YES;
				CLANG_WARN_ENUM_CONVERSION = YES;
				CLANG_WARN_INFINITE_RECURSION = YES;
				CLANG_WARN_INT_CONVERSION = YES;
				CLANG_WARN_NON_LITERAL_NULL_CONVERSION = YES;
				CLANG_WARN_OBJC_IMPLICIT_RETAIN_SELF = YES;
				CLANG_WARN_OBJC_LITERAL_CONVERSION = YES;
				CLANG_WARN_OBJC_ROOT_CLASS = YES_ERROR;
				CLANG_WARN_QUOTED_INCLUDE_IN_FRAMEWORK_HEADER = YES;
				CLANG_WARN_RANGE_LOOP_ANALYSIS = YES;
				CLANG_WARN_STRICT_PROTOTYPES = YES;
				CLANG_WARN_SUSPICIOUS_MOVE = YES;
				CLANG_WARN_UNGUARDED_AVAILABILITY = YES_AGGRESSIVE;
				CLANG_WARN_UNREACHABLE_CODE = YES;
				CLANG_WARN__DUPLICATE_METHOD_MATCH = YES;
				COPY_PHASE_STRIP = NO;
				DEBUG_INFORMATION_FORMAT = "dwarf-with-dsym";
				ENABLE_NS_ASSERTIONS = NO;
				ENABLE_STRICT_OBJC_MSGSEND = YES;
				ENABLE_USER_SCRIPT_SANDBOXING = YES;
				GCC_C_LANGUAGE_STANDARD = gnu17;
				GCC_NO_COMMON_BLOCKS = YES;
				GCC_WARN_64_TO_32_BIT_CONVERSION = YES;
				GCC_WARN_ABOUT_RETURN_TYPE = YES_ERROR;
				GCC_WARN_UNDECLARED_SELECTOR = YES;
				GCC_WARN_UNINITIALIZED_AUTOS = YES_AGGRESSIVE;
				GCC_WARN_UNUSED_FUNCTION = YES;
				GCC_WARN_UNUSED_VARIABLE = YES;
				IPHONEOS_DEPLOYMENT_TARGET = 17.1;
				LOCALIZATION_PREFERS_STRING_CATALOGS = YES;
				MTL_ENABLE_DEBUG_INFO = NO;
				MTL_FAST_MATH = YES;
				SDKROOT = iphoneos;
				SWIFT_COMPILATION_MODE = wholemodule;
				UIAAppFonts = "Karla-Bold.ttf";
				VALIDATE_PRODUCT = YES;
			};
			name = Release;
		};
		0CA7DC922C45DF91007A6B0A /* Debug */ = {
			isa = XCBuildConfiguration;
			buildSettings = {
				ASSETCATALOG_COMPILER_APPICON_NAME = AppIcon;
				ASSETCATALOG_COMPILER_GLOBAL_ACCENT_COLOR_NAME = AccentColor;
				CODE_SIGN_STYLE = Automatic;
				CURRENT_PROJECT_VERSION = 1;
				DEVELOPMENT_ASSET_PATHS = "\"OnBoardingRegistration/Preview Content\"";
				DEVELOPMENT_TEAM = ED23Z9U77D;
				ENABLE_PREVIEWS = YES;
				GENERATE_INFOPLIST_FILE = YES;
				INFOPLIST_KEY_UIApplicationSceneManifest_Generation = YES;
				INFOPLIST_KEY_UIApplicationSupportsIndirectInputEvents = YES;
				INFOPLIST_KEY_UILaunchScreen_Generation = YES;
				INFOPLIST_KEY_UISupportedInterfaceOrientations_iPad = "UIInterfaceOrientationPortrait UIInterfaceOrientationPortraitUpsideDown UIInterfaceOrientationLandscapeLeft UIInterfaceOrientationLandscapeRight";
				INFOPLIST_KEY_UISupportedInterfaceOrientations_iPhone = "UIInterfaceOrientationPortrait UIInterfaceOrientationLandscapeLeft UIInterfaceOrientationLandscapeRight";
				IPHONEOS_DEPLOYMENT_TARGET = 17.0;
				LD_RUNPATH_SEARCH_PATHS = (
					"$(inherited)",
					"@executable_path/Frameworks",
				);
				MARKETING_VERSION = 1.0;
				PRODUCT_BUNDLE_IDENTIFIER = manzoor.ahmed.OnBoardingRegistration;
				PRODUCT_NAME = "$(TARGET_NAME)";
				SWIFT_EMIT_LOC_STRINGS = YES;
				SWIFT_VERSION = 5.0;
				TARGETED_DEVICE_FAMILY = 1;
			};
			name = Debug;
		};
		0CA7DC932C45DF91007A6B0A /* Release */ = {
			isa = XCBuildConfiguration;
			buildSettings = {
				ASSETCATALOG_COMPILER_APPICON_NAME = AppIcon;
				ASSETCATALOG_COMPILER_GLOBAL_ACCENT_COLOR_NAME = AccentColor;
				CODE_SIGN_STYLE = Automatic;
				CURRENT_PROJECT_VERSION = 1;
				DEVELOPMENT_ASSET_PATHS = "\"OnBoardingRegistration/Preview Content\"";
				DEVELOPMENT_TEAM = ED23Z9U77D;
				ENABLE_PREVIEWS = YES;
				GENERATE_INFOPLIST_FILE = YES;
				INFOPLIST_KEY_UIApplicationSceneManifest_Generation = YES;
				INFOPLIST_KEY_UIApplicationSupportsIndirectInputEvents = YES;
				INFOPLIST_KEY_UILaunchScreen_Generation = YES;
				INFOPLIST_KEY_UISupportedInterfaceOrientations_iPad = "UIInterfaceOrientationPortrait UIInterfaceOrientationPortraitUpsideDown UIInterfaceOrientationLandscapeLeft UIInterfaceOrientationLandscapeRight";
				INFOPLIST_KEY_UISupportedInterfaceOrientations_iPhone = "UIInterfaceOrientationPortrait UIInterfaceOrientationLandscapeLeft UIInterfaceOrientationLandscapeRight";
				IPHONEOS_DEPLOYMENT_TARGET = 17.0;
				LD_RUNPATH_SEARCH_PATHS = (
					"$(inherited)",
					"@executable_path/Frameworks",
				);
				MARKETING_VERSION = 1.0;
				PRODUCT_BUNDLE_IDENTIFIER = manzoor.ahmed.OnBoardingRegistration;
				PRODUCT_NAME = "$(TARGET_NAME)";
				SWIFT_EMIT_LOC_STRINGS = YES;
				SWIFT_VERSION = 5.0;
				TARGETED_DEVICE_FAMILY = 1;
			};
			name = Release;
		};
/* End XCBuildConfiguration section */

/* Begin XCConfigurationList section */
		0CA7DC7E2C45DF8C007A6B0A /* Build configuration list for PBXProject "OnBoardingRegistration" */ = {
			isa = XCConfigurationList;
			buildConfigurations = (
				0CA7DC8F2C45DF91007A6B0A /* Debug */,
				0CA7DC902C45DF91007A6B0A /* Release */,
			);
			defaultConfigurationIsVisible = 0;
			defaultConfigurationName = Release;
		};
		0CA7DC912C45DF91007A6B0A /* Build configuration list for PBXNativeTarget "OnBoardingRegistration" */ = {
			isa = XCConfigurationList;
			buildConfigurations = (
				0CA7DC922C45DF91007A6B0A /* Debug */,
				0CA7DC932C45DF91007A6B0A /* Release */,
			);
			defaultConfigurationIsVisible = 0;
			defaultConfigurationName = Release;
		};
/* End XCConfigurationList section */

/* Begin XCVersionGroup section */
		0C0273932C5ECD7500546AF5 /* ExampleDatabase.xcdatamodeld */ = {
			isa = XCVersionGroup;
			children = (
				0C0273942C5ECD7500546AF5 /* ExampleDatabase.xcdatamodel */,
			);
			currentVersion = 0C0273942C5ECD7500546AF5 /* ExampleDatabase.xcdatamodel */;
			path = ExampleDatabase.xcdatamodeld;
			sourceTree = "<group>";
			versionGroupType = wrapper.xcdatamodel;
		};
/* End XCVersionGroup section */
	};
	rootObject = 0CA7DC7B2C45DF8C007A6B0A /* Project object */;
}
